github.com/barklan/hugo-dead-simple v0.0.0-20230628224657-f8198b45224e h1:rYcEPOt7YNYxcX/CS0Rf6QWZo0Td/b4yKL/L3YvV0fE=
github.com/barklan/hugo-dead-simple v0.0.0-20230628224657-f8198b45224e/go.mod h1:Ql5njM3SwZWMqWD1bt6UQoebKHIuRt37HeEkiWMUxXo=
github.com/sergeyklay/gohugo-theme-ed v0.6.0 h1:TrSSwIPDoJ9RGwTV5JdkRsoapDsB12Um4PbIlpuUNEs=
github.com/sergeyklay/gohugo-theme-ed v0.6.0/go.mod h1:vsvjLX7LF3WlYHach2ZeJqgGtuWmJZU7UyVf5KNsJdM=
